
Microsoft Visual Studio Solution File, Format Version 12.00
# Visual Studio Version 17
VisualStudioVersion = 17.1.31903.286
MinimumVisualStudioVersion = 10.0.40219.1
Project("{FAE04EC0-301F-11D3-BF4B-00C04F79EFBC}") = "HeadFirstStrategyPatternSample", "HeadFirstStrategyPatternSample.csproj", "{C25BBAD3-1A3E-48C1-83FD-A6C929B5BE80}"
EndProject
Global
	GlobalSection(SolutionConfigurationPlatforms) = preSolution
		Debug|Any CPU = Debug|Any CPU
		Release|Any CPU = Release|Any CPU
	EndGlobalSection
	GlobalSection(ProjectConfigurationPlatforms) = postSolution
		{C25BBAD3-1A3E-48C1-83FD-A6C929B5BE80}.Debug|Any CPU.ActiveCfg = Debug|Any CPU
		{C25BBAD3-1A3E-48C1-83FD-A6C929B5BE80}.Debug|Any CPU.Build.0 = Debug|Any CPU
		{C25BBAD3-1A3E-48C1-83FD-A6C929B5BE80}.Release|Any CPU.ActiveCfg = Release|Any CPU
		{C25BBAD3-1A3E-48C1-83FD-A6C929B5BE80}.Release|Any CPU.Build.0 = Release|Any CPU
	EndGlobalSection
	GlobalSection(SolutionProperties) = preSolution
		HideSolutionNode = FALSE
	EndGlobalSection
	GlobalSection(ExtensibilityGlobals) = postSolution
		SolutionGuid = {15EAE9C1-C85A-4039-ACE4-434BD7B194B2}
	EndGlobalSection
EndGlobal
